// !$*UTF8*$!
{
	archiveVersion = 1;
	classes = {
	};
	objectVersion = 56;
	objects = {

/* Begin PBXBuildFile section */
		2A168B062B4081A5006A1FAD /* AppetizerApp.swift in Sources */ = {isa = PBXBuildFile; fileRef = 2A168B052B4081A5006A1FAD /* AppetizerApp.swift */; };
		2A168B082B4081A5006A1FAD /* AppetizerTabView.swift in Sources */ = {isa = PBXBuildFile; fileRef = 2A168B072B4081A5006A1FAD /* AppetizerTabView.swift */; };
		2A168B0A2B4081A8006A1FAD /* Assets.xcassets in Resources */ = {isa = PBXBuildFile; fileRef = 2A168B092B4081A8006A1FAD /* Assets.xcassets */; };
		2A168B0D2B4081A8006A1FAD /* Preview Assets.xcassets in Resources */ = {isa = PBXBuildFile; fileRef = 2A168B0C2B4081A8006A1FAD /* Preview Assets.xcassets */; };
		2A168B142B4081FA006A1FAD /* AppetizerListView.swift in Sources */ = {isa = PBXBuildFile; fileRef = 2A168B132B4081FA006A1FAD /* AppetizerListView.swift */; };
		2A168B162B40820F006A1FAD /* OrderView.swift in Sources */ = {isa = PBXBuildFile; fileRef = 2A168B152B40820F006A1FAD /* OrderView.swift */; };
		2A168B182B40821C006A1FAD /* AccountView.swift in Sources */ = {isa = PBXBuildFile; fileRef = 2A168B172B40821C006A1FAD /* AccountView.swift */; };
		2AC423682B429A2D0054092F /* Appetizer.swift in Sources */ = {isa = PBXBuildFile; fileRef = 2AC423672B429A2D0054092F /* Appetizer.swift */; };
		2AC4236A2B42A7E60054092F /* AppetizerListCell.swift in Sources */ = {isa = PBXBuildFile; fileRef = 2AC423692B42A7E60054092F /* AppetizerListCell.swift */; };
		2AC4236C2B42A8EA0054092F /* NetworkManager.swift in Sources */ = {isa = PBXBuildFile; fileRef = 2AC4236B2B42A8EA0054092F /* NetworkManager.swift */; };
		2AC4236E2B42A9F60054092F /* APError.swift in Sources */ = {isa = PBXBuildFile; fileRef = 2AC4236D2B42A9F60054092F /* APError.swift */; };
		2AC423702B42B6390054092F /* AppetizerListViewModel.swift in Sources */ = {isa = PBXBuildFile; fileRef = 2AC4236F2B42B6390054092F /* AppetizerListViewModel.swift */; };
		2AC423722B42E3A20054092F /* Alert.swift in Sources */ = {isa = PBXBuildFile; fileRef = 2AC423712B42E3A20054092F /* Alert.swift */; };
/* End PBXBuildFile section */

/* Begin PBXFileReference section */
		2A168B022B4081A5006A1FAD /* Appetizer.app */ = {isa = PBXFileReference; explicitFileType = wrapper.application; includeInIndex = 0; path = Appetizer.app; sourceTree = BUILT_PRODUCTS_DIR; };
		2A168B052B4081A5006A1FAD /* AppetizerApp.swift */ = {isa = PBXFileReference; lastKnownFileType = sourcecode.swift; path = AppetizerApp.swift; sourceTree = "<group>"; };
		2A168B072B4081A5006A1FAD /* AppetizerTabView.swift */ = {isa = PBXFileReference; lastKnownFileType = sourcecode.swift; path = AppetizerTabView.swift; sourceTree = "<group>"; };
		2A168B092B4081A8006A1FAD /* Assets.xcassets */ = {isa = PBXFileReference; lastKnownFileType = folder.assetcatalog; path = Assets.xcassets; sourceTree = "<group>"; };
		2A168B0C2B4081A8006A1FAD /* Preview Assets.xcassets */ = {isa = PBXFileReference; lastKnownFileType = folder.assetcatalog; path = "Preview Assets.xcassets"; sourceTree = "<group>"; };
		2A168B132B4081FA006A1FAD /* AppetizerListView.swift */ = {isa = PBXFileReference; lastKnownFileType = sourcecode.swift; path = AppetizerListView.swift; sourceTree = "<group>"; };
		2A168B152B40820F006A1FAD /* OrderView.swift */ = {isa = PBXFileReference; lastKnownFileType = sourcecode.swift; path = OrderView.swift; sourceTree = "<group>"; };
		2A168B172B40821C006A1FAD /* AccountView.swift */ = {isa = PBXFileReference; lastKnownFileType = sourcecode.swift; path = AccountView.swift; sourceTree = "<group>"; };
		2AC423672B429A2D0054092F /* Appetizer.swift */ = {isa = PBXFileReference; lastKnownFileType = sourcecode.swift; path = Appetizer.swift; sourceTree = "<group>"; };
		2AC423692B42A7E60054092F /* AppetizerListCell.swift */ = {isa = PBXFileReference; lastKnownFileType = sourcecode.swift; path = AppetizerListCell.swift; sourceTree = "<group>"; };
		2AC4236B2B42A8EA0054092F /* NetworkManager.swift */ = {isa = PBXFileReference; lastKnownFileType = sourcecode.swift; path = NetworkManager.swift; sourceTree = "<group>"; };
		2AC4236D2B42A9F60054092F /* APError.swift */ = {isa = PBXFileReference; lastKnownFileType = sourcecode.swift; path = APError.swift; sourceTree = "<group>"; };
		2AC4236F2B42B6390054092F /* AppetizerListViewModel.swift */ = {isa = PBXFileReference; lastKnownFileType = sourcecode.swift; path = AppetizerListViewModel.swift; sourceTree = "<group>"; };
		2AC423712B42E3A20054092F /* Alert.swift */ = {isa = PBXFileReference; lastKnownFileType = sourcecode.swift; path = Alert.swift; sourceTree = "<group>"; };
/* End PBXFileReference section */

/* Begin PBXFrameworksBuildPhase section */
		2A168AFF2B4081A5006A1FAD /* Frameworks */ = {
			isa = PBXFrameworksBuildPhase;
			buildActionMask = 2147483647;
			files = (
			);
			runOnlyForDeploymentPostprocessing = 0;
		};
/* End PBXFrameworksBuildPhase section */

/* Begin PBXGroup section */
		2A168AF92B4081A5006A1FAD = {
			isa = PBXGroup;
			children = (
				2A168B042B4081A5006A1FAD /* Appetizer */,
				2A168B032B4081A5006A1FAD /* Products */,
			);
			sourceTree = "<group>";
		};
		2A168B032B4081A5006A1FAD /* Products */ = {
			isa = PBXGroup;
			children = (
				2A168B022B4081A5006A1FAD /* Appetizer.app */,
			);
			name = Products;
			sourceTree = "<group>";
		};
		2A168B042B4081A5006A1FAD /* Appetizer */ = {
			isa = PBXGroup;
			children = (
				2A168B052B4081A5006A1FAD /* AppetizerApp.swift */,
				2A168B072B4081A5006A1FAD /* AppetizerTabView.swift */,
				2A168B092B4081A8006A1FAD /* Assets.xcassets */,
				2A168B0B2B4081A8006A1FAD /* Preview Content */,
				2A168B132B4081FA006A1FAD /* AppetizerListView.swift */,
				2A168B152B40820F006A1FAD /* OrderView.swift */,
				2A168B172B40821C006A1FAD /* AccountView.swift */,
				2AC423672B429A2D0054092F /* Appetizer.swift */,
				2AC423692B42A7E60054092F /* AppetizerListCell.swift */,
				2AC4236B2B42A8EA0054092F /* NetworkManager.swift */,
				2AC4236D2B42A9F60054092F /* APError.swift */,
				2AC4236F2B42B6390054092F /* AppetizerListViewModel.swift */,
				2AC423712B42E3A20054092F /* Alert.swift */,
			);
			path = Appetizer;
			sourceTree = "<group>";
		};
		2A168B0B2B4081A8006A1FAD /* Preview Content */ = {
			isa = PBXGroup;
			children = (
				2A168B0C2B4081A8006A1FAD /* Preview Assets.xcassets */,
			);
			path = "Preview Content";
			sourceTree = "<group>";
		};
/* End PBXGroup section */

/* Begin PBXNativeTarget section */
		2A168B012B4081A5006A1FAD /* Appetizer */ = {
			isa = PBXNativeTarget;
			buildConfigurationList = 2A168B102B4081A8006A1FAD /* Build configuration list for PBXNativeTarget "Appetizer" */;
			buildPhases = (
				2A168AFE2B4081A5006A1FAD /* Sources */,
				2A168AFF2B4081A5006A1FAD /* Frameworks */,
				2A168B002B4081A5006A1FAD /* Resources */,
			);
			buildRules = (
			);
			dependencies = (
			);
			name = Appetizer;
			productName = Appetizer;
			productReference = 2A168B022B4081A5006A1FAD /* Appetizer.app */;
			productType = "com.apple.product-type.application";
		};
/* End PBXNativeTarget section */

/* Begin PBXProject section */
		2A168AFA2B4081A5006A1FAD /* Project object */ = {
			isa = PBXProject;
			attributes = {
				BuildIndependentTargetsInParallel = 1;
				LastSwiftUpdateCheck = 1410;
				LastUpgradeCheck = 1410;
				TargetAttributes = {
					2A168B012B4081A5006A1FAD = {
						CreatedOnToolsVersion = 14.1;
					};
				};
			};
			buildConfigurationList = 2A168AFD2B4081A5006A1FAD /* Build configuration list for PBXProject "Appetizer" */;
			compatibilityVersion = "Xcode 14.0";
			developmentRegion = en;
			hasScannedForEncodings = 0;
			knownRegions = (
				en,
				Base,
			);
			mainGroup = 2A168AF92B4081A5006A1FAD;
			productRefGroup = 2A168B032B4081A5006A1FAD /* Products */;
			projectDirPath = "";
			projectRoot = "";
			targets = (
				2A168B012B4081A5006A1FAD /* Appetizer */,
			);
		};
/* End PBXProject section */

/* Begin PBXResourcesBuildPhase section */
		2A168B002B4081A5006A1FAD /* Resources */ = {
			isa = PBXResourcesBuildPhase;
			buildActionMask = 2147483647;
			files = (
				2A168B0D2B4081A8006A1FAD /* Preview Assets.xcassets in Resources */,
				2A168B0A2B4081A8006A1FAD /* Assets.xcassets in Resources */,
			);
			runOnlyForDeploymentPostprocessing = 0;
		};
/* End PBXResourcesBuildPhase section */

/* Begin PBXSourcesBuildPhase section */
		2A168AFE2B4081A5006A1FAD /* Sources */ = {
			isa = PBXSourcesBuildPhase;
			buildActionMask = 2147483647;
			files = (
				2AC423682B429A2D0054092F /* Appetizer.swift in Sources */,
				2AC4236E2B42A9F60054092F /* APError.swift in Sources */,
				2AC4236A2B42A7E60054092F /* AppetizerListCell.swift in Sources */,
				2A168B082B4081A5006A1FAD /* AppetizerTabView.swift in Sources */,
				2AC423702B42B6390054092F /* AppetizerListViewModel.swift in Sources */,
				2A168B162B40820F006A1FAD /* OrderView.swift in Sources */,
				2AC4236C2B42A8EA0054092F /* NetworkManager.swift in Sources */,
				2A168B062B4081A5006A1FAD /* AppetizerApp.swift in Sources */,
				2AC423722B42E3A20054092F /* Alert.swift in Sources */,
				2A168B142B4081FA006A1FAD /* AppetizerListView.swift in Sources */,
				2A168B182B40821C006A1FAD /* AccountView.swift in Sources */,
			);
			runOnlyForDeploymentPostprocessing = 0;
		};
/* End PBXSourcesBuildPhase section */

/* Begin XCBuildConfiguration section */
		2A168B0E2B4081A8006A1FAD /* Debug */ = {
			isa = XCBuildConfiguration;
			buildSettings = {
				ALWAYS_SEARCH_USER_PATHS = NO;
				CLANG_ANALYZER_NONNULL = YES;
				CLANG_ANALYZER_NUMBER_OBJECT_CONVERSION = YES_AGGRESSIVE;
				CLANG_CXX_LANGUAGE_STANDARD = "gnu++20";
				CLANG_ENABLE_MODULES = YES;
				CLANG_ENABLE_OBJC_ARC = YES;
				CLANG_ENABLE_OBJC_WEAK = YES;
				CLANG_WARN_BLOCK_CAPTURE_AUTORELEASING = YES;
				CLANG_WARN_BOOL_CONVERSION = YES;
				CLANG_WARN_COMMA = YES;
				CLANG_WARN_CONSTANT_CONVERSION = YES;
				CLANG_WARN_DEPRECATED_OBJC_IMPLEMENTATIONS = YES;
				CLANG_WARN_DIRECT_OBJC_ISA_USAGE = YES_ERROR;
				CLANG_WARN_DOCUMENTATION_COMMENTS = YES;
				CLANG_WARN_EMPTY_BODY = YES;
				CLANG_WARN_ENUM_CONVERSION = YES;
				CLANG_WARN_INFINITE_RECURSION = YES;
				CLANG_WARN_INT_CONVERSION = YES;
				CLANG_WARN_NON_LITERAL_NULL_CONVERSION = YES;
				CLANG_WARN_OBJC_IMPLICIT_RETAIN_SELF = YES;
				CLANG_WARN_OBJC_LITERAL_CONVERSION = YES;
				CLANG_WARN_OBJC_ROOT_CLASS = YES_ERROR;
				CLANG_WARN_QUOTED_INCLUDE_IN_FRAMEWORK_HEADER = YES;
				CLANG_WARN_RANGE_LOOP_ANALYSIS = YES;
				CLANG_WARN_STRICT_PROTOTYPES = YES;
				CLANG_WARN_SUSPICIOUS_MOVE = YES;
				CLANG_WARN_UNGUARDED_AVAILABILITY = YES_AGGRESSIVE;
				CLANG_WARN_UNREACHABLE_CODE = YES;
				CLANG_WARN__DUPLICATE_METHOD_MATCH = YES;
				COPY_PHASE_STRIP = NO;
				DEBUG_INFORMATION_FORMAT = dwarf;
				ENABLE_STRICT_OBJC_MSGSEND = YES;
				ENABLE_TESTABILITY = YES;
				GCC_C_LANGUAGE_STANDARD = gnu11;
				GCC_DYNAMIC_NO_PIC = NO;
				GCC_NO_COMMON_BLOCKS = YES;
				GCC_OPTIMIZATION_LEVEL = 0;
				GCC_PREPROCESSOR_DEFINITIONS = (
					"DEBUG=1",
					"$(inherited)",
				);
				GCC_WARN_64_TO_32_BIT_CONVERSION = YES;
				GCC_WARN_ABOUT_RETURN_TYPE = YES_ERROR;
				GCC_WARN_UNDECLARED_SELECTOR = YES;
				GCC_WARN_UNINITIALIZED_AUTOS = YES_AGGRESSIVE;
				GCC_WARN_UNUSED_FUNCTION = YES;
				GCC_WARN_UNUSED_VARIABLE = YES;
				IPHONEOS_DEPLOYMENT_TARGET = 16.1;
				MTL_ENABLE_DEBUG_INFO = INCLUDE_SOURCE;
				MTL_FAST_MATH = YES;
				ONLY_ACTIVE_ARCH = YES;
				SDKROOT = iphoneos;
				SWIFT_ACTIVE_COMPILATION_CONDITIONS = DEBUG;
				SWIFT_OPTIMIZATION_LEVEL = "-Onone";
			};
			name = Debug;
		};
		2A168B0F2B4081A8006A1FAD /* Release */ = {
			isa = XCBuildConfiguration;
			buildSettings = {
				ALWAYS_SEARCH_USER_PATHS = NO;
				CLANG_ANALYZER_NONNULL = YES;
				CLANG_ANALYZER_NUMBER_OBJECT_CONVERSION = YES_AGGRESSIVE;
				CLANG_CXX_LANGUAGE_STANDARD = "gnu++20";
				CLANG_ENABLE_MODULES = YES;
				CLANG_ENABLE_OBJC_ARC = YES;
				CLANG_ENABLE_OBJC_WEAK = YES;
				CLANG_WARN_BLOCK_CAPTURE_AUTORELEASING = YES;
				CLANG_WARN_BOOL_CONVERSION = YES;
				CLANG_WARN_COMMA = YES;
				CLANG_WARN_CONSTANT_CONVERSION = YES;
				CLANG_WARN_DEPRECATED_OBJC_IMPLEMENTATIONS = YES;
				CLANG_WARN_DIRECT_OBJC_ISA_USAGE = YES_ERROR;
				CLANG_WARN_DOCUMENTATION_COMMENTS = YES;
				CLANG_WARN_EMPTY_BODY = YES;
				CLANG_WARN_ENUM_CONVERSION = YES;
				CLANG_WARN_INFINITE_RECURSION = YES;
				CLANG_WARN_INT_CONVERSION = YES;
				CLANG_WARN_NON_LITERAL_NULL_CONVERSION = YES;
				CLANG_WARN_OBJC_IMPLICIT_RETAIN_SELF = YES;
				CLANG_WARN_OBJC_LITERAL_CONVERSION = YES;
				CLANG_WARN_OBJC_ROOT_CLASS = YES_ERROR;
				CLANG_WARN_QUOTED_INCLUDE_IN_FRAMEWORK_HEADER = YES;
				CLANG_WARN_RANGE_LOOP_ANALYSIS = YES;
				CLANG_WARN_STRICT_PROTOTYPES = YES;
				CLANG_WARN_SUSPICIOUS_MOVE = YES;
				CLANG_WARN_UNGUARDED_AVAILABILITY = YES_AGGRESSIVE;
				CLANG_WARN_UNREACHABLE_CODE = YES;
				CLANG_WARN__DUPLICATE_METHOD_MATCH = YES;
				COPY_PHASE_STRIP = NO;
				DEBUG_INFORMATION_FORMAT = "dwarf-with-dsym";
				ENABLE_NS_ASSERTIONS = NO;
				ENABLE_STRICT_OBJC_MSGSEND = YES;
				GCC_C_LANGUAGE_STANDARD = gnu11;
				GCC_NO_COMMON_BLOCKS = YES;
				GCC_WARN_64_TO_32_BIT_CONVERSION = YES;
				GCC_WARN_ABOUT_RETURN_TYPE = YES_ERROR;
				GCC_WARN_UNDECLARED_SELECTOR = YES;
				GCC_WARN_UNINITIALIZED_AUTOS = YES_AGGRESSIVE;
				GCC_WARN_UNUSED_FUNCTION = YES;
				GCC_WARN_UNUSED_VARIABLE = YES;
				IPHONEOS_DEPLOYMENT_TARGET = 16.1;
				MTL_ENABLE_DEBUG_INFO = NO;
				MTL_FAST_MATH = YES;
				SDKROOT = iphoneos;
				SWIFT_COMPILATION_MODE = wholemodule;
				SWIFT_OPTIMIZATION_LEVEL = "-O";
				VALIDATE_PRODUCT = YES;
			};
			name = Release;
		};
		2A168B112B4081A8006A1FAD /* Debug */ = {
			isa = XCBuildConfiguration;
			buildSettings = {
				ASSETCATALOG_COMPILER_APPICON_NAME = AppIcon;
				ASSETCATALOG_COMPILER_GLOBAL_ACCENT_COLOR_NAME = AccentColor;
				CODE_SIGN_STYLE = Automatic;
				CURRENT_PROJECT_VERSION = 1;
				DEVELOPMENT_ASSET_PATHS = "\"Appetizer/Preview Content\"";
				DEVELOPMENT_TEAM = M4X72D9NFW;
				ENABLE_PREVIEWS = YES;
				GENERATE_INFOPLIST_FILE = YES;
				INFOPLIST_KEY_UIApplicationSceneManifest_Generation = YES;
				INFOPLIST_KEY_UIApplicationSupportsIndirectInputEvents = YES;
				INFOPLIST_KEY_UILaunchScreen_Generation = YES;
				INFOPLIST_KEY_UISupportedInterfaceOrientations_iPad = "UIInterfaceOrientationPortrait UIInterfaceOrientationPortraitUpsideDown UIInterfaceOrientationLandscapeLeft UIInterfaceOrientationLandscapeRight";
				INFOPLIST_KEY_UISupportedInterfaceOrientations_iPhone = "UIInterfaceOrientationPortrait UIInterfaceOrientationLandscapeLeft UIInterfaceOrientationLandscapeRight";
				LD_RUNPATH_SEARCH_PATHS = (
					"$(inherited)",
					"@executable_path/Frameworks",
				);
				MARKETING_VERSION = 1.0;
				PRODUCT_BUNDLE_IDENTIFIER = com.AyushShah.Appetizer;
				PRODUCT_NAME = "$(TARGET_NAME)";
				SWIFT_EMIT_LOC_STRINGS = YES;
				SWIFT_VERSION = 5.0;
				TARGETED_DEVICE_FAMILY = "1,2";
			};
			name = Debug;
		};
		2A168B122B4081A8006A1FAD /* Release */ = {
			isa = XCBuildConfiguration;
			buildSettings = {
				ASSETCATALOG_COMPILER_APPICON_NAME = AppIcon;
				ASSETCATALOG_COMPILER_GLOBAL_ACCENT_COLOR_NAME = AccentColor;
				CODE_SIGN_STYLE = Automatic;
				CURRENT_PROJECT_VERSION = 1;
				DEVELOPMENT_ASSET_PATHS = "\"Appetizer/Preview Content\"";
				DEVELOPMENT_TEAM = M4X72D9NFW;
				ENABLE_PREVIEWS = YES;
				GENERATE_INFOPLIST_FILE = YES;
				INFOPLIST_KEY_UIApplicationSceneManifest_Generation = YES;
				INFOPLIST_KEY_UIApplicationSupportsIndirectInputEvents = YES;
				INFOPLIST_KEY_UILaunchScreen_Generation = YES;
				INFOPLIST_KEY_UISupportedInterfaceOrientations_iPad = "UIInterfaceOrientationPortrait UIInterfaceOrientationPortraitUpsideDown UIInterfaceOrientationLandscapeLeft UIInterfaceOrientationLandscapeRight";
				INFOPLIST_KEY_UISupportedInterfaceOrientations_iPhone = "UIInterfaceOrientationPortrait UIInterfaceOrientationLandscapeLeft UIInterfaceOrientationLandscapeRight";
				LD_RUNPATH_SEARCH_PATHS = (
					"$(inherited)",
					"@executable_path/Frameworks",
				);
				MARKETING_VERSION = 1.0;
				PRODUCT_BUNDLE_IDENTIFIER = com.AyushShah.Appetizer;
				PRODUCT_NAME = "$(TARGET_NAME)";
				SWIFT_EMIT_LOC_STRINGS = YES;
				SWIFT_VERSION = 5.0;
				TARGETED_DEVICE_FAMILY = "1,2";
			};
			name = Release;
		};
/* End XCBuildConfiguration section */

/* Begin XCConfigurationList section */
		2A168AFD2B4081A5006A1FAD /* Build configuration list for PBXProject "Appetizer" */ = {
			isa = XCConfigurationList;
			buildConfigurations = (
				2A168B0E2B4081A8006A1FAD /* Debug */,
				2A168B0F2B4081A8006A1FAD /* Release */,
			);
			defaultConfigurationIsVisible = 0;
			defaultConfigurationName = Release;
		};
		2A168B102B4081A8006A1FAD /* Build configuration list for PBXNativeTarget "Appetizer" */ = {
			isa = XCConfigurationList;
			buildConfigurations = (
				2A168B112B4081A8006A1FAD /* Debug */,
				2A168B122B4081A8006A1FAD /* Release */,
			);
			defaultConfigurationIsVisible = 0;
			defaultConfigurationName = Release;
		};
/* End XCConfigurationList section */
	};
	rootObject = 2A168AFA2B4081A5006A1FAD /* Project object */;
}
